
Microsoft Visual Studio Solution File, Format Version 12.00
# Visual Studio Version 17
VisualStudioVersion = 17.8.34525.116
MinimumVisualStudioVersion = 10.0.40219.1
Project("{9A19103F-16F7-4668-BE54-9A1E7A4F7556}") = "Majesty", "Majesty\Majesty.csproj", "{3D4707E7-F60C-46F4-A087-33DD5816474E}"
EndProject
Global
	GlobalSection(SolutionConfigurationPlatforms) = preSolution
		Debug|Any CPU = Debug|Any CPU
		Release|Any CPU = Release|Any CPU
	EndGlobalSection
	GlobalSection(ProjectConfigurationPlatforms) = postSolution
		{3D4707E7-F60C-46F4-A087-33DD5816474E}.Debug|Any CPU.ActiveCfg = Debug|Any CPU
		{3D4707E7-F60C-46F4-A087-33DD5816474E}.Debug|Any CPU.Build.0 = Debug|Any CPU
		{3D4707E7-F60C-46F4-A087-33DD5816474E}.Release|Any CPU.ActiveCfg = Release|Any CPU
		{3D4707E7-F60C-46F4-A087-33DD5816474E}.Release|Any CPU.Build.0 = Release|Any CPU
	EndGlobalSection
	GlobalSection(SolutionProperties) = preSolution
		HideSolutionNode = FALSE
	EndGlobalSection
	GlobalSection(ExtensibilityGlobals) = postSolution
		SolutionGuid = {6A11DBC7-48B6-446B-A866-F6571A4521B0}
	EndGlobalSection
EndGlobal
